<Solution>
  <Folder Name="/src/">
    <Project Path="src\GHSpend.App\GHSpend.App.csproj" />
    <Project Path="src\GHSpend.Core\GHSpend.Core.csproj" />
  </Folder>
  <Folder Name="/tests/">
    <Project Path="tests\GHSpend.Tests\GHSpend.Tests.csproj" />
    <Project Path="tests\GHSpend.PlatformTests\GHSpend.PlatformTests.csproj" />
    <Project Path="tests\GHSpend.AppTests\GHSpend.AppTests.csproj" />
  </Folder>
</Solution>
